// !$*UTF8*$!
{
	archiveVersion = 1;
	classes = {
	};
	objectVersion = 50;
	objects = {

/* Begin PBXBuildFile section */
		30ACDE1625F1C7C400F49B53 /* AppDelegate.swift in Sources */ = {isa = PBXBuildFile; fileRef = 30ACDE1525F1C7C400F49B53 /* AppDelegate.swift */; };
		30ACDE1825F1C7C400F49B53 /* SceneDelegate.swift in Sources */ = {isa = PBXBuildFile; fileRef = 30ACDE1725F1C7C400F49B53 /* SceneDelegate.swift */; };
		30ACDE1A25F1C7C400F49B53 /* ContentView.swift in Sources */ = {isa = PBXBuildFile; fileRef = 30ACDE1925F1C7C400F49B53 /* ContentView.swift */; };
		30ACDE1C25F1C7C400F49B53 /* Assets.xcassets in Resources */ = {isa = PBXBuildFile; fileRef = 30ACDE1B25F1C7C400F49B53 /* Assets.xcassets */; };
		30ACDE1F25F1C7C400F49B53 /* Preview Assets.xcassets in Resources */ = {isa = PBXBuildFile; fileRef = 30ACDE1E25F1C7C400F49B53 /* Preview Assets.xcassets */; };
		30ACDE2225F1C7C400F49B53 /* LaunchScreen.storyboard in Resources */ = {isa = PBXBuildFile; fileRef = 30ACDE2025F1C7C400F49B53 /* LaunchScreen.storyboard */; };
/* End PBXBuildFile section */

/* Begin PBXFileReference section */
		30ACDE1225F1C7C400F49B53 /* H4XOR N3W5.app */ = {isa = PBXFileReference; explicitFileType = wrapper.application; includeInIndex = 0; path = "H4XOR N3W5.app"; sourceTree = BUILT_PRODUCTS_DIR; };
		30ACDE1525F1C7C400F49B53 /* AppDelegate.swift */ = {isa = PBXFileReference; lastKnownFileType = sourcecode.swift; path = AppDelegate.swift; sourceTree = "<group>"; };
		30ACDE1725F1C7C400F49B53 /* SceneDelegate.swift */ = {isa = PBXFileReference; lastKnownFileType = sourcecode.swift; path = SceneDelegate.swift; sourceTree = "<group>"; };
		30ACDE1925F1C7C400F49B53 /* ContentView.swift */ = {isa = PBXFileReference; lastKnownFileType = sourcecode.swift; path = ContentView.swift; sourceTree = "<group>"; };
		30ACDE1B25F1C7C400F49B53 /* Assets.xcassets */ = {isa = PBXFileReference; lastKnownFileType = folder.assetcatalog; path = Assets.xcassets; sourceTree = "<group>"; };
		30ACDE1E25F1C7C400F49B53 /* Preview Assets.xcassets */ = {isa = PBXFileReference; lastKnownFileType = folder.assetcatalog; path = "Preview Assets.xcassets"; sourceTree = "<group>"; };
		30ACDE2125F1C7C400F49B53 /* Base */ = {isa = PBXFileReference; lastKnownFileType = file.storyboard; name = Base; path = Base.lproj/LaunchScreen.storyboard; sourceTree = "<group>"; };
		30ACDE2325F1C7C400F49B53 /* Info.plist */ = {isa = PBXFileReference; lastKnownFileType = text.plist.xml; path = Info.plist; sourceTree = "<group>"; };
/* End PBXFileReference section */

/* Begin PBXFrameworksBuildPhase section */
		30ACDE0F25F1C7C400F49B53 /* Frameworks */ = {
			isa = PBXFrameworksBuildPhase;
			buildActionMask = 2147483647;
			files = (
			);
			runOnlyForDeploymentPostprocessing = 0;
		};
/* End PBXFrameworksBuildPhase section */

/* Begin PBXGroup section */
		30ACDE0925F1C7C400F49B53 = {
			isa = PBXGroup;
			children = (
				30ACDE1425F1C7C400F49B53 /* H4XOR N3W5 */,
				30ACDE1325F1C7C400F49B53 /* Products */,
			);
			sourceTree = "<group>";
		};
		30ACDE1325F1C7C400F49B53 /* Products */ = {
			isa = PBXGroup;
			children = (
				30ACDE1225F1C7C400F49B53 /* H4XOR N3W5.app */,
			);
			name = Products;
			sourceTree = "<group>";
		};
		30ACDE1425F1C7C400F49B53 /* H4XOR N3W5 */ = {
			isa = PBXGroup;
			children = (
				30ACDE1525F1C7C400F49B53 /* AppDelegate.swift */,
				30ACDE1725F1C7C400F49B53 /* SceneDelegate.swift */,
				30ACDE1925F1C7C400F49B53 /* ContentView.swift */,
				30ACDE1B25F1C7C400F49B53 /* Assets.xcassets */,
				30ACDE2025F1C7C400F49B53 /* LaunchScreen.storyboard */,
				30ACDE2325F1C7C400F49B53 /* Info.plist */,
				30ACDE1D25F1C7C400F49B53 /* Preview Content */,
			);
			path = "H4XOR N3W5";
			sourceTree = "<group>";
		};
		30ACDE1D25F1C7C400F49B53 /* Preview Content */ = {
			isa = PBXGroup;
			children = (
				30ACDE1E25F1C7C400F49B53 /* Preview Assets.xcassets */,
			);
			path = "Preview Content";
			sourceTree = "<group>";
		};
/* End PBXGroup section */

/* Begin PBXNativeTarget section */
		30ACDE1125F1C7C400F49B53 /* H4XOR N3W5 */ = {
			isa = PBXNativeTarget;
			buildConfigurationList = 30ACDE2625F1C7C400F49B53 /* Build configuration list for PBXNativeTarget "H4XOR N3W5" */;
			buildPhases = (
				30ACDE0E25F1C7C400F49B53 /* Sources */,
				30ACDE0F25F1C7C400F49B53 /* Frameworks */,
				30ACDE1025F1C7C400F49B53 /* Resources */,
			);
			buildRules = (
			);
			dependencies = (
			);
			name = "H4XOR N3W5";
			productName = "H4XOR N3W5";
			productReference = 30ACDE1225F1C7C400F49B53 /* H4XOR N3W5.app */;
			productType = "com.apple.product-type.application";
		};
/* End PBXNativeTarget section */

/* Begin PBXProject section */
		30ACDE0A25F1C7C400F49B53 /* Project object */ = {
			isa = PBXProject;
			attributes = {
				LastSwiftUpdateCheck = 1230;
				LastUpgradeCheck = 1230;
				TargetAttributes = {
					30ACDE1125F1C7C400F49B53 = {
						CreatedOnToolsVersion = 12.3;
					};
				};
			};
			buildConfigurationList = 30ACDE0D25F1C7C400F49B53 /* Build configuration list for PBXProject "H4XOR N3W5" */;
			compatibilityVersion = "Xcode 9.3";
			developmentRegion = en;
			hasScannedForEncodings = 0;
			knownRegions = (
				en,
				Base,
			);
			mainGroup = 30ACDE0925F1C7C400F49B53;
			productRefGroup = 30ACDE1325F1C7C400F49B53 /* Products */;
			projectDirPath = "";
			projectRoot = "";
			targets = (
				30ACDE1125F1C7C400F49B53 /* H4XOR N3W5 */,
			);
		};
/* End PBXProject section */

/* Begin PBXResourcesBuildPhase section */
		30ACDE1025F1C7C400F49B53 /* Resources */ = {
			isa = PBXResourcesBuildPhase;
			buildActionMask = 2147483647;
			files = (
				30ACDE2225F1C7C400F49B53 /* LaunchScreen.storyboard in Resources */,
				30ACDE1F25F1C7C400F49B53 /* Preview Assets.xcassets in Resources */,
				30ACDE1C25F1C7C400F49B53 /* Assets.xcassets in Resources */,
			);
			runOnlyForDeploymentPostprocessing = 0;
		};
/* End PBXResourcesBuildPhase section */

/* Begin PBXSourcesBuildPhase section */
		30ACDE0E25F1C7C400F49B53 /* Sources */ = {
			isa = PBXSourcesBuildPhase;
			buildActionMask = 2147483647;
			files = (
				30ACDE1625F1C7C400F49B53 /* AppDelegate.swift in Sources */,
				30ACDE1825F1C7C400F49B53 /* SceneDelegate.swift in Sources */,
				30ACDE1A25F1C7C400F49B53 /* ContentView.swift in Sources */,
			);
			runOnlyForDeploymentPostprocessing = 0;
		};
/* End PBXSourcesBuildPhase section */

/* Begin PBXVariantGroup section */
		30ACDE2025F1C7C400F49B53 /* LaunchScreen.storyboard */ = {
			isa = PBXVariantGroup;
			children = (
				30ACDE2125F1C7C400F49B53 /* Base */,
			);
			name = LaunchScreen.storyboard;
			sourceTree = "<group>";
		};
/* End PBXVariantGroup section */

/* Begin XCBuildConfiguration section */
		30ACDE2425F1C7C400F49B53 /* Debug */ = {
			isa = XCBuildConfiguration;
			buildSettings = {
				ALWAYS_SEARCH_USER_PATHS = NO;
				CLANG_ANALYZER_NONNULL = YES;
				CLANG_ANALYZER_NUMBER_OBJECT_CONVERSION = YES_AGGRESSIVE;
				CLANG_CXX_LANGUAGE_STANDARD = "gnu++14";
				CLANG_CXX_LIBRARY = "libc++";
				CLANG_ENABLE_MODULES = YES;
				CLANG_ENABLE_OBJC_ARC = YES;
				CLANG_ENABLE_OBJC_WEAK = YES;
				CLANG_WARN_BLOCK_CAPTURE_AUTORELEASING = YES;
				CLANG_WARN_BOOL_CONVERSION = YES;
				CLANG_WARN_COMMA = YES;
				CLANG_WARN_CONSTANT_CONVERSION = YES;
				CLANG_WARN_DEPRECATED_OBJC_IMPLEMENTATIONS = YES;
				CLANG_WARN_DIRECT_OBJC_ISA_USAGE = YES_ERROR;
				CLANG_WARN_DOCUMENTATION_COMMENTS = YES;
				CLANG_WARN_EMPTY_BODY = YES;
				CLANG_WARN_ENUM_CONVERSION = YES;
				CLANG_WARN_INFINITE_RECURSION = YES;
				CLANG_WARN_INT_CONVERSION = YES;
				CLANG_WARN_NON_LITERAL_NULL_CONVERSION = YES;
				CLANG_WARN_OBJC_IMPLICIT_RETAIN_SELF = YES;
				CLANG_WARN_OBJC_LITERAL_CONVERSION = YES;
				CLANG_WARN_OBJC_ROOT_CLASS = YES_ERROR;
				CLANG_WARN_QUOTED_INCLUDE_IN_FRAMEWORK_HEADER = YES;
				CLANG_WARN_RANGE_LOOP_ANALYSIS = YES;
				CLANG_WARN_STRICT_PROTOTYPES = YES;
				CLANG_WARN_SUSPICIOUS_MOVE = YES;
				CLANG_WARN_UNGUARDED_AVAILABILITY = YES_AGGRESSIVE;
				CLANG_WARN_UNREACHABLE_CODE = YES;
				CLANG_WARN__DUPLICATE_METHOD_MATCH = YES;
				COPY_PHASE_STRIP = NO;
				DEBUG_INFORMATION_FORMAT = dwarf;
				ENABLE_STRICT_OBJC_MSGSEND = YES;
				ENABLE_TESTABILITY = YES;
				GCC_C_LANGUAGE_STANDARD = gnu11;
				GCC_DYNAMIC_NO_PIC = NO;
				GCC_NO_COMMON_BLOCKS = YES;
				GCC_OPTIMIZATION_LEVEL = 0;
				GCC_PREPROCESSOR_DEFINITIONS = (
					"DEBUG=1",
					"$(inherited)",
				);
				GCC_WARN_64_TO_32_BIT_CONVERSION = YES;
				GCC_WARN_ABOUT_RETURN_TYPE = YES_ERROR;
				GCC_WARN_UNDECLARED_SELECTOR = YES;
				GCC_WARN_UNINITIALIZED_AUTOS = YES_AGGRESSIVE;
				GCC_WARN_UNUSED_FUNCTION = YES;
				GCC_WARN_UNUSED_VARIABLE = YES;
				IPHONEOS_DEPLOYMENT_TARGET = 14.3;
				MTL_ENABLE_DEBUG_INFO = INCLUDE_SOURCE;
				MTL_FAST_MATH = YES;
				ONLY_ACTIVE_ARCH = YES;
				SDKROOT = iphoneos;
				SWIFT_ACTIVE_COMPILATION_CONDITIONS = DEBUG;
				SWIFT_OPTIMIZATION_LEVEL = "-Onone";
			};
			name = Debug;
		};
		30ACDE2525F1C7C400F49B53 /* Release */ = {
			isa = XCBuildConfiguration;
			buildSettings = {
				ALWAYS_SEARCH_USER_PATHS = NO;
				CLANG_ANALYZER_NONNULL = YES;
				CLANG_ANALYZER_NUMBER_OBJECT_CONVERSION = YES_AGGRESSIVE;
				CLANG_CXX_LANGUAGE_STANDARD = "gnu++14";
				CLANG_CXX_LIBRARY = "libc++";
				CLANG_ENABLE_MODULES = YES;
				CLANG_ENABLE_OBJC_ARC = YES;
				CLANG_ENABLE_OBJC_WEAK = YES;
				CLANG_WARN_BLOCK_CAPTURE_AUTORELEASING = YES;
				CLANG_WARN_BOOL_CONVERSION = YES;
				CLANG_WARN_COMMA = YES;
				CLANG_WARN_CONSTANT_CONVERSION = YES;
				CLANG_WARN_DEPRECATED_OBJC_IMPLEMENTATIONS = YES;
				CLANG_WARN_DIRECT_OBJC_ISA_USAGE = YES_ERROR;
				CLANG_WARN_DOCUMENTATION_COMMENTS = YES;
				CLANG_WARN_EMPTY_BODY = YES;
				CLANG_WARN_ENUM_CONVERSION = YES;
				CLANG_WARN_INFINITE_RECURSION = YES;
				CLANG_WARN_INT_CONVERSION = YES;
				CLANG_WARN_NON_LITERAL_NULL_CONVERSION = YES;
				CLANG_WARN_OBJC_IMPLICIT_RETAIN_SELF = YES;
				CLANG_WARN_OBJC_LITERAL_CONVERSION = YES;
				CLANG_WARN_OBJC_ROOT_CLASS = YES_ERROR;
				CLANG_WARN_QUOTED_INCLUDE_IN_FRAMEWORK_HEADER = YES;
				CLANG_WARN_RANGE_LOOP_ANALYSIS = YES;
				CLANG_WARN_STRICT_PROTOTYPES = YES;
				CLANG_WARN_SUSPICIOUS_MOVE = YES;
				CLANG_WARN_UNGUARDED_AVAILABILITY = YES_AGGRESSIVE;
				CLANG_WARN_UNREACHABLE_CODE = YES;
				CLANG_WARN__DUPLICATE_METHOD_MATCH = YES;
				COPY_PHASE_STRIP = NO;
				DEBUG_INFORMATION_FORMAT = "dwarf-with-dsym";
				ENABLE_NS_ASSERTIONS = NO;
				ENABLE_STRICT_OBJC_MSGSEND = YES;
				GCC_C_LANGUAGE_STANDARD = gnu11;
				GCC_NO_COMMON_BLOCKS = YES;
				GCC_WARN_64_TO_32_BIT_CONVERSION = YES;
				GCC_WARN_ABOUT_RETURN_TYPE = YES_ERROR;
				GCC_WARN_UNDECLARED_SELECTOR = YES;
				GCC_WARN_UNINITIALIZED_AUTOS = YES_AGGRESSIVE;
				GCC_WARN_UNUSED_FUNCTION = YES;
				GCC_WARN_UNUSED_VARIABLE = YES;
				IPHONEOS_DEPLOYMENT_TARGET = 14.3;
				MTL_ENABLE_DEBUG_INFO = NO;
				MTL_FAST_MATH = YES;
				SDKROOT = iphoneos;
				SWIFT_COMPILATION_MODE = wholemodule;
				SWIFT_OPTIMIZATION_LEVEL = "-O";
				VALIDATE_PRODUCT = YES;
			};
			name = Release;
		};
		30ACDE2725F1C7C400F49B53 /* Debug */ = {
			isa = XCBuildConfiguration;
			buildSettings = {
				ASSETCATALOG_COMPILER_APPICON_NAME = AppIcon;
				ASSETCATALOG_COMPILER_GLOBAL_ACCENT_COLOR_NAME = AccentColor;
				CODE_SIGN_STYLE = Automatic;
				DEVELOPMENT_ASSET_PATHS = "\"H4XOR N3W5/Preview Content\"";
				DEVELOPMENT_TEAM = C4JG24H593;
				ENABLE_PREVIEWS = YES;
				INFOPLIST_FILE = "H4XOR N3W5/Info.plist";
				LD_RUNPATH_SEARCH_PATHS = (
					"$(inherited)",
					"@executable_path/Frameworks",
				);
				PRODUCT_BUNDLE_IDENTIFIER = "codes.johnbrennan.H4XOR-N3W5";
				PRODUCT_NAME = "$(TARGET_NAME)";
				SWIFT_VERSION = 5.0;
				TARGETED_DEVICE_FAMILY = "1,2";
			};
			name = Debug;
		};
		30ACDE2825F1C7C400F49B53 /* Release */ = {
			isa = XCBuildConfiguration;
			buildSettings = {
				ASSETCATALOG_COMPILER_APPICON_NAME = AppIcon;
				ASSETCATALOG_COMPILER_GLOBAL_ACCENT_COLOR_NAME = AccentColor;
				CODE_SIGN_STYLE = Automatic;
				DEVELOPMENT_ASSET_PATHS = "\"H4XOR N3W5/Preview Content\"";
				DEVELOPMENT_TEAM = C4JG24H593;
				ENABLE_PREVIEWS = YES;
				INFOPLIST_FILE = "H4XOR N3W5/Info.plist";
				LD_RUNPATH_SEARCH_PATHS = (
					"$(inherited)",
					"@executable_path/Frameworks",
				);
				PRODUCT_BUNDLE_IDENTIFIER = "codes.johnbrennan.H4XOR-N3W5";
				PRODUCT_NAME = "$(TARGET_NAME)";
				SWIFT_VERSION = 5.0;
				TARGETED_DEVICE_FAMILY = "1,2";
			};
			name = Release;
		};
/* End XCBuildConfiguration section */

/* Begin XCConfigurationList section */
		30ACDE0D25F1C7C400F49B53 /* Build configuration list for PBXProject "H4XOR N3W5" */ = {
			isa = XCConfigurationList;
			buildConfigurations = (
				30ACDE2425F1C7C400F49B53 /* Debug */,
				30ACDE2525F1C7C400F49B53 /* Release */,
			);
			defaultConfigurationIsVisible = 0;
			defaultConfigurationName = Release;
		};
		30ACDE2625F1C7C400F49B53 /* Build configuration list for PBXNativeTarget "H4XOR N3W5" */ = {
			isa = XCConfigurationList;
			buildConfigurations = (
				30ACDE2725F1C7C400F49B53 /* Debug */,
				30ACDE2825F1C7C400F49B53 /* Release */,
			);
			defaultConfigurationIsVisible = 0;
			defaultConfigurationName = Release;
		};
/* End XCConfigurationList section */
	};
	rootObject = 30ACDE0A25F1C7C400F49B53 /* Project object */;
}
